
Microsoft Visual Studio Solution File, Format Version 12.00
# Visual Studio 15
VisualStudioVersion = 15.0.27130.2027
MinimumVisualStudioVersion = 10.0.40219.1
Project("{FAE04EC0-301F-11D3-BF4B-00C04F79EFBC}") = "PrimeNumbers", "PrimeNumbers\PrimeNumbers.csproj", "{D1780A7F-534A-4FF1-94A1-354DAAE08A75}"
EndProject
Global
	GlobalSection(SolutionConfigurationPlatforms) = preSolution
		Debug|Any CPU = Debug|Any CPU
		Release|Any CPU = Release|Any CPU
	EndGlobalSection
	GlobalSection(ProjectConfigurationPlatforms) = postSolution
		{D1780A7F-534A-4FF1-94A1-354DAAE08A75}.Debug|Any CPU.ActiveCfg = Debug|Any CPU
		{D1780A7F-534A-4FF1-94A1-354DAAE08A75}.Debug|Any CPU.Build.0 = Debug|Any CPU
		{D1780A7F-534A-4FF1-94A1-354DAAE08A75}.Release|Any CPU.ActiveCfg = Release|Any CPU
		{D1780A7F-534A-4FF1-94A1-354DAAE08A75}.Release|Any CPU.Build.0 = Release|Any CPU
	EndGlobalSection
	GlobalSection(SolutionProperties) = preSolution
		HideSolutionNode = FALSE
	EndGlobalSection
	GlobalSection(ExtensibilityGlobals) = postSolution
		SolutionGuid = {A4048198-446A-4837-B12B-59037930E925}
	EndGlobalSection
EndGlobal
